// !$*UTF8*$!
{
	archiveVersion = 1;
	classes = {
	};
	objectVersion = 46;
	objects = {

/* Begin PBXBuildFile section */
		0B081CA51CA5584300DCDC49 /* OSDNIValidator.m in Sources */ = {isa = PBXBuildFile; fileRef = 0B081CA41CA5584300DCDC49 /* OSDNIValidator.m */; };
		0B081CA71CA55B8D00DCDC49 /* OSDNIValidatorTest.swift in Sources */ = {isa = PBXBuildFile; fileRef = 0B081CA61CA55B8D00DCDC49 /* OSDNIValidatorTest.swift */; };
		0B0CF5D3176FB23F00CBEF64 /* OSDatabaseTest.m in Sources */ = {isa = PBXBuildFile; fileRef = 0B0CF5D2176FB23F00CBEF64 /* OSDatabaseTest.m */; };
		0B0CF5D6176FB26600CBEF64 /* OSDatabaseTest.xcdatamodeld in Sources */ = {isa = PBXBuildFile; fileRef = 0B0CF5D4176FB26600CBEF64 /* OSDatabaseTest.xcdatamodeld */; };
		0B0CF5D8176FB79500CBEF64 /* CoreData.framework in Frameworks */ = {isa = PBXBuildFile; fileRef = 0B0CF5D7176FB79500CBEF64 /* CoreData.framework */; };
		0B0CF5DF176FDA5B00CBEF64 /* Security.framework in Frameworks */ = {isa = PBXBuildFile; fileRef = 0B0CF5DE176FDA5B00CBEF64 /* Security.framework */; };
		0B21406C1C8CF0E600212007 /* OSWebQuery.m in Sources */ = {isa = PBXBuildFile; fileRef = 0B2140631C8CF0E600212007 /* OSWebQuery.m */; };
		0B21406D1C8CF0E600212007 /* OSWebInterface.m in Sources */ = {isa = PBXBuildFile; fileRef = 0B2140651C8CF0E600212007 /* OSWebInterface.m */; };
		0B21406E1C8CF0E600212007 /* OSDataParser.m in Sources */ = {isa = PBXBuildFile; fileRef = 0B2140671C8CF0E600212007 /* OSDataParser.m */; };
		0B21406F1C8CF0E600212007 /* OSXMLDataParser.m in Sources */ = {isa = PBXBuildFile; fileRef = 0B2140691C8CF0E600212007 /* OSXMLDataParser.m */; };
		0B2140701C8CF0E600212007 /* OSJSONDataParser.m in Sources */ = {isa = PBXBuildFile; fileRef = 0B21406B1C8CF0E600212007 /* OSJSONDataParser.m */; };
		0B2477A81AD99A7900B00728 /* CloudKit.framework in Frameworks */ = {isa = PBXBuildFile; fileRef = 0B2477A71AD99A7900B00728 /* CloudKit.framework */; };
		0B2477AB1AD99DB700B00728 /* OSCloudKitRequestOperation.m in Sources */ = {isa = PBXBuildFile; fileRef = 0B2477AA1AD99DB700B00728 /* OSCloudKitRequestOperation.m */; };
		0B2477B01AD9B78C00B00728 /* OSCloudKitSyncEngine.h in CopyFiles */ = {isa = PBXBuildFile; fileRef = 0BB1EB041A8E8C730038B564 /* OSCloudKitSyncEngine.h */; };
		0B2477B11AD9B78C00B00728 /* OSCloudKitRequestOperation.h in CopyFiles */ = {isa = PBXBuildFile; fileRef = 0B2477A91AD99DB700B00728 /* OSCloudKitRequestOperation.h */; };
		0B3ED69A1CAEC60F00D349A8 /* OSTopBarActivityIndicatorManager.m in Sources */ = {isa = PBXBuildFile; fileRef = 0B3ED6991CAEC60F00D349A8 /* OSTopBarActivityIndicatorManager.m */; };
		0B3ED69B1CAECA0000D349A8 /* OSTopBarActivityIndicatorManager.h in CopyFiles */ = {isa = PBXBuildFile; fileRef = 0B3ED6981CAEC60F00D349A8 /* OSTopBarActivityIndicatorManager.h */; };
		0B3ED69D1CAECA4800D349A8 /* OSTopBarActivityIndicatorManagerTest.m in Sources */ = {isa = PBXBuildFile; fileRef = 0B3ED69C1CAECA4800D349A8 /* OSTopBarActivityIndicatorManagerTest.m */; };
		0B4DAC891CAE82C500036E8D /* OSTopBarActivityIndicator.m in Sources */ = {isa = PBXBuildFile; fileRef = 0B4DAC881CAE82C500036E8D /* OSTopBarActivityIndicator.m */; };
		0B4DAC8A1CAE843600036E8D /* OSTopBarActivityIndicator.h in CopyFiles */ = {isa = PBXBuildFile; fileRef = 0B4DAC871CAE82C500036E8D /* OSTopBarActivityIndicator.h */; };
		0B52EE951768C71B00F7D477 /* OSCoreDataSyncEngine.m in Sources */ = {isa = PBXBuildFile; fileRef = 0B52EE931768C71B00F7D477 /* OSCoreDataSyncEngine.m */; };
		0B52EE971768CC9900F7D477 /* MobileCoreServices.framework in Frameworks */ = {isa = PBXBuildFile; fileRef = 0B52EE961768CC9900F7D477 /* MobileCoreServices.framework */; };
		0B52EEA11768D93500F7D477 /* NSManagedObject+JSON.m in Sources */ = {isa = PBXBuildFile; fileRef = 0B52EE9F1768D93500F7D477 /* NSManagedObject+JSON.m */; };
		0B5D1E1B18B75BF800B14A7B /* OSWebRequestAuth.m in Sources */ = {isa = PBXBuildFile; fileRef = 10C7CF23167B3F7100E9047F /* OSWebRequestAuth.m */; };
		0B6917F619C6EC3B0099A595 /* OSEditablePickerViewTableViewCell.m in Sources */ = {isa = PBXBuildFile; fileRef = 0B6917F519C6EC3B0099A595 /* OSEditablePickerViewTableViewCell.m */; };
		0B7F132B179061F00068B3F8 /* OSDatabase.h in CopyFiles */ = {isa = PBXBuildFile; fileRef = 106F667615D8DFC10016184F /* OSDatabase.h */; };
		0B7F132C179061F00068B3F8 /* OSCoreDataSyncEngine.h in CopyFiles */ = {isa = PBXBuildFile; fileRef = 0B52EE921768C71B00F7D477 /* OSCoreDataSyncEngine.h */; };
		0B7F132D179061F00068B3F8 /* HTTPAPIClient.h in CopyFiles */ = {isa = PBXBuildFile; fileRef = 0B52EE981768CEFA00F7D477 /* HTTPAPIClient.h */; };
		0B7F132E179061F00068B3F8 /* OSHTTPAPIClient.h in CopyFiles */ = {isa = PBXBuildFile; fileRef = 0B52EE9A1768D7E700F7D477 /* OSHTTPAPIClient.h */; };
		0B7F132F179061F00068B3F8 /* OSOperation.h in CopyFiles */ = {isa = PBXBuildFile; fileRef = 10C58E4015DCDD7D00496A25 /* OSOperation.h */; };
		0B7F1330179061F00068B3F8 /* OSOperationQueues.h in CopyFiles */ = {isa = PBXBuildFile; fileRef = 10C58E4915DCEB2700496A25 /* OSOperationQueues.h */; };
		0B7F1331179061F00068B3F8 /* OSCrypto.h in CopyFiles */ = {isa = PBXBuildFile; fileRef = 272C0364153352F9008DF260 /* OSCrypto.h */; };
		0B7F1332179061F00068B3F8 /* OSDate.h in CopyFiles */ = {isa = PBXBuildFile; fileRef = 27CB962313E4115700717380 /* OSDate.h */; };
		0B7F1333179061F00068B3F8 /* OSTime.h in CopyFiles */ = {isa = PBXBuildFile; fileRef = 27CB962713E411CD00717380 /* OSTime.h */; };
		0B7F1334179061F10068B3F8 /* OSDateTime.h in CopyFiles */ = {isa = PBXBuildFile; fileRef = 27CB962B13E411DC00717380 /* OSDateTime.h */; };
		0B7F1335179061F10068B3F8 /* NSData+Base64.h in CopyFiles */ = {isa = PBXBuildFile; fileRef = 272C036015335261008DF260 /* NSData+Base64.h */; };
		0B7F1336179061F10068B3F8 /* NSString+encodeString.h in CopyFiles */ = {isa = PBXBuildFile; fileRef = 10A338FE15E381560059F012 /* NSString+encodeString.h */; };
		0B7F1337179061F10068B3F8 /* OSAnimation.h in CopyFiles */ = {isa = PBXBuildFile; fileRef = 27FEF6E213ED459800BC78B0 /* OSAnimation.h */; };
		0B7F1338179061F10068B3F8 /* OSImage.h in CopyFiles */ = {isa = PBXBuildFile; fileRef = 27FEF70E13ED4FBE00BC78B0 /* OSImage.h */; };
		0B7F1339179061F10068B3F8 /* UIImageView+Downloader.h in CopyFiles */ = {isa = PBXBuildFile; fileRef = 108E2C6515B0483B003C0EB7 /* UIImageView+Downloader.h */; };
		0B7F133A179061F10068B3F8 /* UIView+Snapshot.h in CopyFiles */ = {isa = PBXBuildFile; fileRef = 1008160215C11AB200429593 /* UIView+Snapshot.h */; };
		0B7F133B179061F10068B3F8 /* UIImage+StackBlur.h in CopyFiles */ = {isa = PBXBuildFile; fileRef = 106F64A515C16B8700C22FC0 /* UIImage+StackBlur.h */; };
		0B7F133C179061F10068B3F8 /* OSLocation.h in CopyFiles */ = {isa = PBXBuildFile; fileRef = 27FEF70A13ED4A7A00BC78B0 /* OSLocation.h */; };
		0B7F133D179061F10068B3F8 /* OSNetwork.h in CopyFiles */ = {isa = PBXBuildFile; fileRef = 27FD9C6E14EAB2DB0091A0E3 /* OSNetwork.h */; };
		0B7F133E179061F10068B3F8 /* OSDefaultTheme.h in CopyFiles */ = {isa = PBXBuildFile; fileRef = 103FE0A7165BC7BD00F25586 /* OSDefaultTheme.h */; };
		0B7F133F179061F10068B3F8 /* OSTheme.h in CopyFiles */ = {isa = PBXBuildFile; fileRef = 103FE0AB165BC7CC00F25586 /* OSTheme.h */; };
		0B7F1340179061F10068B3F8 /* WebViewController.h in CopyFiles */ = {isa = PBXBuildFile; fileRef = 27FEF71213ED54B100BC78B0 /* WebViewController.h */; };
		0B7F1341179061F10068B3F8 /* OSAppearance.h in CopyFiles */ = {isa = PBXBuildFile; fileRef = 108AD5D715DA657700EE2443 /* OSAppearance.h */; };
		0B7F1342179061F10068B3F8 /* OSLibrary.h in CopyFiles */ = {isa = PBXBuildFile; fileRef = 27CB95FE13E4110100717380 /* OSLibrary.h */; };
		0B95C45118F47918003FA730 /* OSWebRequest.h in CopyFiles */ = {isa = PBXBuildFile; fileRef = 278474B713EFF2E400CDD1CF /* OSWebRequest.h */; };
		0B95C45218F4797F003FA730 /* OSLoadingViewController.h in CopyFiles */ = {isa = PBXBuildFile; fileRef = 10532F4115DA569000AB115B /* OSLoadingViewController.h */; };
		0BA9A4811CAAF71E00A9C92B /* OSBorderedButton.h in CopyFiles */ = {isa = PBXBuildFile; fileRef = 0BAB465F1B2D778F00A763B7 /* OSBorderedButton.h */; };
		0BA9A4A41CAAFFE500A9C92B /* OSWebQuery.h in CopyFiles */ = {isa = PBXBuildFile; fileRef = 0B2140621C8CF0E600212007 /* OSWebQuery.h */; };
		0BA9A4A51CAAFFE500A9C92B /* OSWebInterface.h in CopyFiles */ = {isa = PBXBuildFile; fileRef = 0B2140641C8CF0E600212007 /* OSWebInterface.h */; };
		0BA9A4A61CAAFFE500A9C92B /* OSDataParser.h in CopyFiles */ = {isa = PBXBuildFile; fileRef = 0B2140661C8CF0E600212007 /* OSDataParser.h */; };
		0BA9A4A71CAAFFE500A9C92B /* OSXMLDataParser.h in CopyFiles */ = {isa = PBXBuildFile; fileRef = 0B2140681C8CF0E600212007 /* OSXMLDataParser.h */; };
		0BA9A4A81CAAFFE500A9C92B /* OSJSONDataParser.h in CopyFiles */ = {isa = PBXBuildFile; fileRef = 0B21406A1C8CF0E600212007 /* OSJSONDataParser.h */; };
		0BAA83191C515A8700DCB86D /* OSEmailValidator.m in Sources */ = {isa = PBXBuildFile; fileRef = 0BAA83181C515A8700DCB86D /* OSEmailValidator.m */; };
		0BAB46611B2D778F00A763B7 /* OSBorderedButton.m in Sources */ = {isa = PBXBuildFile; fileRef = 0BAB46601B2D778F00A763B7 /* OSBorderedButton.m */; };
		0BAB7DF219C1AFEB00BA044E /* OSSystemTest.m in Sources */ = {isa = PBXBuildFile; fileRef = 0BAB7DF119C1AFEB00BA044E /* OSSystemTest.m */; };
		0BB1EB061A8E8C730038B564 /* OSCloudKitSyncEngine.m in Sources */ = {isa = PBXBuildFile; fileRef = 0BB1EB051A8E8C730038B564 /* OSCloudKitSyncEngine.m */; };
		0BB7876E1C8F0947002B977E /* OSWebInterfaceTest.m in Sources */ = {isa = PBXBuildFile; fileRef = 0BB7876D1C8F0947002B977E /* OSWebInterfaceTest.m */; };
		0BBB01D917906A6000969ACD /* OSSystem.h in CopyFiles */ = {isa = PBXBuildFile; fileRef = 27CB962F13E4124400717380 /* OSSystem.h */; };
		0BD9FCD6190B99C300F7D8B6 /* OSHTTPRequestOperation.m in Sources */ = {isa = PBXBuildFile; fileRef = 0BD9FCD5190B99C300F7D8B6 /* OSHTTPRequestOperation.m */; };
		0BD9FCD7190B9BBC00F7D8B6 /* OSHTTPRequestOperation.h in CopyFiles */ = {isa = PBXBuildFile; fileRef = 0BD9FCD4190B99C300F7D8B6 /* OSHTTPRequestOperation.h */; };
		0BD9FCDA190B9EE700F7D8B6 /* OSHTTPClient.m in Sources */ = {isa = PBXBuildFile; fileRef = 0BD9FCD9190B9EE700F7D8B6 /* OSHTTPClient.m */; };
		0BD9FCDB190B9F0D00F7D8B6 /* OSHTTPClient.h in CopyFiles */ = {isa = PBXBuildFile; fileRef = 0BD9FCD8190B9EE700F7D8B6 /* OSHTTPClient.h */; };
		0BD9FCDE190BA18000F7D8B6 /* OSJSONRequestOperation.m in Sources */ = {isa = PBXBuildFile; fileRef = 0BD9FCDD190BA18000F7D8B6 /* OSJSONRequestOperation.m */; };
		0BD9FCDF190BA19D00F7D8B6 /* OSJSONRequestOperation.h in CopyFiles */ = {isa = PBXBuildFile; fileRef = 0BD9FCDC190BA18000F7D8B6 /* OSJSONRequestOperation.h */; };
		0BFA550B1C8C8C2E0072AE7C /* OSEmailValidatorTest.swift in Sources */ = {isa = PBXBuildFile; fileRef = 0BFA550A1C8C8C2E0072AE7C /* OSEmailValidatorTest.swift */; };
		0BFAB56B18A55B9000F30FC3 /* NSString+encodeString.m in Sources */ = {isa = PBXBuildFile; fileRef = 10A338FF15E381560059F012 /* NSString+encodeString.m */; };
		1008160515C11AB200429593 /* UIView+Snapshot.m in Sources */ = {isa = PBXBuildFile; fileRef = 1008160315C11AB200429593 /* UIView+Snapshot.m */; };
		1008160815C11BA700429593 /* UIKit.framework in Frameworks */ = {isa = PBXBuildFile; fileRef = 1008160715C11BA700429593 /* UIKit.framework */; };
		1008160915C11BE800429593 /* UIKit.framework in Frameworks */ = {isa = PBXBuildFile; fileRef = 1008160715C11BA700429593 /* UIKit.framework */; };
		103FE0AA165BC7BD00F25586 /* OSDefaultTheme.m in Sources */ = {isa = PBXBuildFile; fileRef = 103FE0A8165BC7BD00F25586 /* OSDefaultTheme.m */; };
		103FE0AE165BC7CC00F25586 /* OSTheme.m in Sources */ = {isa = PBXBuildFile; fileRef = 103FE0AC165BC7CC00F25586 /* OSTheme.m */; };
		10532F4415DA569000AB115B /* OSLoadingViewController.m in Sources */ = {isa = PBXBuildFile; fileRef = 10532F4215DA569000AB115B /* OSLoadingViewController.m */; };
		106F64A815C16B8700C22FC0 /* UIImage+StackBlur.m in Sources */ = {isa = PBXBuildFile; fileRef = 106F64A615C16B8700C22FC0 /* UIImage+StackBlur.m */; };
		106F667915D8DFC10016184F /* OSDatabase.m in Sources */ = {isa = PBXBuildFile; fileRef = 106F667715D8DFC10016184F /* OSDatabase.m */; };
		108AD5DA15DA657700EE2443 /* OSAppearance.m in Sources */ = {isa = PBXBuildFile; fileRef = 108AD5D815DA657700EE2443 /* OSAppearance.m */; };
		108E2C6815B0483B003C0EB7 /* UIImageView+Downloader.m in Sources */ = {isa = PBXBuildFile; fileRef = 108E2C6615B0483B003C0EB7 /* UIImageView+Downloader.m */; };
		1097CC48165A761400330CD2 /* NSStirng+encodeStringTest.m in Sources */ = {isa = PBXBuildFile; fileRef = 1097CC47165A761300330CD2 /* NSStirng+encodeStringTest.m */; };
		1097CC4C165A789C00330CD2 /* OSOperationQueuesTest.m in Sources */ = {isa = PBXBuildFile; fileRef = 1097CC4B165A789C00330CD2 /* OSOperationQueuesTest.m */; };
		10A3390115E381560059F012 /* NSString+encodeString.m in Sources */ = {isa = PBXBuildFile; fileRef = 10A338FF15E381560059F012 /* NSString+encodeString.m */; };
		10C58E4315DCDD7D00496A25 /* OSOperation.m in Sources */ = {isa = PBXBuildFile; fileRef = 10C58E4115DCDD7D00496A25 /* OSOperation.m */; };
		10C58E4C15DCEB2700496A25 /* OSOperationQueues.m in Sources */ = {isa = PBXBuildFile; fileRef = 10C58E4A15DCEB2700496A25 /* OSOperationQueues.m */; };
		272C036315335261008DF260 /* NSData+Base64.m in Sources */ = {isa = PBXBuildFile; fileRef = 272C036115335261008DF260 /* NSData+Base64.m */; };
		272C0367153352F9008DF260 /* OSCrypto.m in Sources */ = {isa = PBXBuildFile; fileRef = 272C0365153352F9008DF260 /* OSCrypto.m */; };
		278474BA13EFF2E400CDD1CF /* OSWebRequest.m in Sources */ = {isa = PBXBuildFile; fileRef = 278474B813EFF2E400CDD1CF /* OSWebRequest.m */; };
		27CB95FA13E4110100717380 /* Foundation.framework in Frameworks */ = {isa = PBXBuildFile; fileRef = 27CB95F913E4110100717380 /* Foundation.framework */; };
		27CB960B13E4110100717380 /* Foundation.framework in Frameworks */ = {isa = PBXBuildFile; fileRef = 27CB95F913E4110100717380 /* Foundation.framework */; };
		27CB961013E4110100717380 /* libOSLibrary.a in Frameworks */ = {isa = PBXBuildFile; fileRef = 27CB95F613E4110100717380 /* libOSLibrary.a */; };
		27CB961813E4110100717380 /* OSLibraryTests.h in Resources */ = {isa = PBXBuildFile; fileRef = 27CB961713E4110100717380 /* OSLibraryTests.h */; };
		27CB961A13E4110100717380 /* OSLibraryTests.m in Sources */ = {isa = PBXBuildFile; fileRef = 27CB961913E4110100717380 /* OSLibraryTests.m */; };
		27CB962613E4115700717380 /* OSDate.m in Sources */ = {isa = PBXBuildFile; fileRef = 27CB962413E4115700717380 /* OSDate.m */; };
		27CB962A13E411CD00717380 /* OSTime.m in Sources */ = {isa = PBXBuildFile; fileRef = 27CB962813E411CD00717380 /* OSTime.m */; };
		27CB962E13E411DC00717380 /* OSDateTime.m in Sources */ = {isa = PBXBuildFile; fileRef = 27CB962C13E411DC00717380 /* OSDateTime.m */; };
		27CB963213E4124400717380 /* OSSystem.m in Sources */ = {isa = PBXBuildFile; fileRef = 27CB963013E4124400717380 /* OSSystem.m */; };
		27CB963513E4140600717380 /* OSDateTest.m in Sources */ = {isa = PBXBuildFile; fileRef = 27CB963413E4140600717380 /* OSDateTest.m */; };
		27CB963813E4162F00717380 /* OSTimeTest.m in Sources */ = {isa = PBXBuildFile; fileRef = 27CB963713E4162F00717380 /* OSTimeTest.m */; };
		27CB963B13E418A300717380 /* OSDateTimeTest.m in Sources */ = {isa = PBXBuildFile; fileRef = 27CB963A13E418A300717380 /* OSDateTimeTest.m */; };
		27FD9C7114EAB2DB0091A0E3 /* OSNetwork.m in Sources */ = {isa = PBXBuildFile; fileRef = 27FD9C6F14EAB2DB0091A0E3 /* OSNetwork.m */; };
		27FD9C7414EAB3200091A0E3 /* SystemConfiguration.framework in Frameworks */ = {isa = PBXBuildFile; fileRef = 27FD9C7314EAB3200091A0E3 /* SystemConfiguration.framework */; };
		27FD9C7A14EAB3BA0091A0E3 /* OSNetworkTest.m in Sources */ = {isa = PBXBuildFile; fileRef = 27FD9C7914EAB3BA0091A0E3 /* OSNetworkTest.m */; };
		27FD9C7B14EAB5940091A0E3 /* SystemConfiguration.framework in Frameworks */ = {isa = PBXBuildFile; fileRef = 27FD9C7314EAB3200091A0E3 /* SystemConfiguration.framework */; };
		27FEF6E513ED459800BC78B0 /* OSAnimation.m in Sources */ = {isa = PBXBuildFile; fileRef = 27FEF6E313ED459800BC78B0 /* OSAnimation.m */; };
		27FEF70D13ED4A7A00BC78B0 /* OSLocation.m in Sources */ = {isa = PBXBuildFile; fileRef = 27FEF70B13ED4A7A00BC78B0 /* OSLocation.m */; };
		27FEF71113ED4FBE00BC78B0 /* OSImage.m in Sources */ = {isa = PBXBuildFile; fileRef = 27FEF70F13ED4FBE00BC78B0 /* OSImage.m */; };
		27FEF71613ED54B200BC78B0 /* WebViewController.m in Sources */ = {isa = PBXBuildFile; fileRef = 27FEF71313ED54B200BC78B0 /* WebViewController.m */; };
/* End PBXBuildFile section */

/* Begin PBXContainerItemProxy section */
		27CB960E13E4110100717380 /* PBXContainerItemProxy */ = {
			isa = PBXContainerItemProxy;
			containerPortal = 27CB95ED13E4110000717380 /* Project object */;
			proxyType = 1;
			remoteGlobalIDString = 27CB95F513E4110000717380;
			remoteInfo = OSLibrary;
		};
/* End PBXContainerItemProxy section */

/* Begin PBXCopyFilesBuildPhase section */
		0B7F132A17905FCB0068B3F8 /* CopyFiles */ = {
			isa = PBXCopyFilesBuildPhase;
			buildActionMask = 2147483647;
			dstPath = "include/${PRODUCT_NAME}";
			dstSubfolderSpec = 16;
			files = (
				0B3ED69B1CAECA0000D349A8 /* OSTopBarActivityIndicatorManager.h in CopyFiles */,
				0B4DAC8A1CAE843600036E8D /* OSTopBarActivityIndicator.h in CopyFiles */,
				0BA9A4A41CAAFFE500A9C92B /* OSWebQuery.h in CopyFiles */,
				0BA9A4A51CAAFFE500A9C92B /* OSWebInterface.h in CopyFiles */,
				0BA9A4A61CAAFFE500A9C92B /* OSDataParser.h in CopyFiles */,
				0BA9A4A71CAAFFE500A9C92B /* OSXMLDataParser.h in CopyFiles */,
				0BA9A4A81CAAFFE500A9C92B /* OSJSONDataParser.h in CopyFiles */,
				0BA9A4811CAAF71E00A9C92B /* OSBorderedButton.h in CopyFiles */,
				0B2477B01AD9B78C00B00728 /* OSCloudKitSyncEngine.h in CopyFiles */,
				0B2477B11AD9B78C00B00728 /* OSCloudKitRequestOperation.h in CopyFiles */,
				0BD9FCDF190BA19D00F7D8B6 /* OSJSONRequestOperation.h in CopyFiles */,
				0BD9FCDB190B9F0D00F7D8B6 /* OSHTTPClient.h in CopyFiles */,
				0BD9FCD7190B9BBC00F7D8B6 /* OSHTTPRequestOperation.h in CopyFiles */,
				0B95C45218F4797F003FA730 /* OSLoadingViewController.h in CopyFiles */,
				0B95C45118F47918003FA730 /* OSWebRequest.h in CopyFiles */,
				0BBB01D917906A6000969ACD /* OSSystem.h in CopyFiles */,
				0B7F132B179061F00068B3F8 /* OSDatabase.h in CopyFiles */,
				0B7F132C179061F00068B3F8 /* OSCoreDataSyncEngine.h in CopyFiles */,
				0B7F132D179061F00068B3F8 /* HTTPAPIClient.h in CopyFiles */,
				0B7F132E179061F00068B3F8 /* OSHTTPAPIClient.h in CopyFiles */,
				0B7F132F179061F00068B3F8 /* OSOperation.h in CopyFiles */,
				0B7F1330179061F00068B3F8 /* OSOperationQueues.h in CopyFiles */,
				0B7F1331179061F00068B3F8 /* OSCrypto.h in CopyFiles */,
				0B7F1332179061F00068B3F8 /* OSDate.h in CopyFiles */,
				0B7F1333179061F00068B3F8 /* OSTime.h in CopyFiles */,
				0B7F1334179061F10068B3F8 /* OSDateTime.h in CopyFiles */,
				0B7F1335179061F10068B3F8 /* NSData+Base64.h in CopyFiles */,
				0B7F1336179061F10068B3F8 /* NSString+encodeString.h in CopyFiles */,
				0B7F1337179061F10068B3F8 /* OSAnimation.h in CopyFiles */,
				0B7F1338179061F10068B3F8 /* OSImage.h in CopyFiles */,
				0B7F1339179061F10068B3F8 /* UIImageView+Downloader.h in CopyFiles */,
				0B7F133A179061F10068B3F8 /* UIView+Snapshot.h in CopyFiles */,
				0B7F133B179061F10068B3F8 /* UIImage+StackBlur.h in CopyFiles */,
				0B7F133C179061F10068B3F8 /* OSLocation.h in CopyFiles */,
				0B7F133D179061F10068B3F8 /* OSNetwork.h in CopyFiles */,
				0B7F133E179061F10068B3F8 /* OSDefaultTheme.h in CopyFiles */,
				0B7F133F179061F10068B3F8 /* OSTheme.h in CopyFiles */,
				0B7F1340179061F10068B3F8 /* WebViewController.h in CopyFiles */,
				0B7F1341179061F10068B3F8 /* OSAppearance.h in CopyFiles */,
				0B7F1342179061F10068B3F8 /* OSLibrary.h in CopyFiles */,
			);
			runOnlyForDeploymentPostprocessing = 0;
		};
/* End PBXCopyFilesBuildPhase section */

/* Begin PBXFileReference section */
		0B081CA31CA5584300DCDC49 /* OSDNIValidator.h */ = {isa = PBXFileReference; fileEncoding = 4; lastKnownFileType = sourcecode.c.h; path = OSDNIValidator.h; sourceTree = "<group>"; };
		0B081CA41CA5584300DCDC49 /* OSDNIValidator.m */ = {isa = PBXFileReference; fileEncoding = 4; lastKnownFileType = sourcecode.c.objc; path = OSDNIValidator.m; sourceTree = "<group>"; };
		0B081CA61CA55B8D00DCDC49 /* OSDNIValidatorTest.swift */ = {isa = PBXFileReference; fileEncoding = 4; lastKnownFileType = sourcecode.swift; path = OSDNIValidatorTest.swift; sourceTree = "<group>"; };
		0B0CF5D1176FB23F00CBEF64 /* OSDatabaseTest.h */ = {isa = PBXFileReference; fileEncoding = 4; lastKnownFileType = sourcecode.c.h; path = OSDatabaseTest.h; sourceTree = "<group>"; };
		0B0CF5D2176FB23F00CBEF64 /* OSDatabaseTest.m */ = {isa = PBXFileReference; fileEncoding = 4; lastKnownFileType = sourcecode.c.objc; path = OSDatabaseTest.m; sourceTree = "<group>"; };
		0B0CF5D5176FB26600CBEF64 /* OSDatabaseTest.xcdatamodel */ = {isa = PBXFileReference; lastKnownFileType = wrapper.xcdatamodel; path = OSDatabaseTest.xcdatamodel; sourceTree = "<group>"; };
		0B0CF5D7176FB79500CBEF64 /* CoreData.framework */ = {isa = PBXFileReference; lastKnownFileType = wrapper.framework; name = CoreData.framework; path = System/Library/Frameworks/CoreData.framework; sourceTree = SDKROOT; };
		0B0CF5DE176FDA5B00CBEF64 /* Security.framework */ = {isa = PBXFileReference; lastKnownFileType = wrapper.framework; name = Security.framework; path = System/Library/Frameworks/Security.framework; sourceTree = SDKROOT; };
		0B2140621C8CF0E600212007 /* OSWebQuery.h */ = {isa = PBXFileReference; fileEncoding = 4; lastKnownFileType = sourcecode.c.h; path = OSWebQuery.h; sourceTree = "<group>"; };
		0B2140631C8CF0E600212007 /* OSWebQuery.m */ = {isa = PBXFileReference; fileEncoding = 4; lastKnownFileType = sourcecode.c.objc; path = OSWebQuery.m; sourceTree = "<group>"; };
		0B2140641C8CF0E600212007 /* OSWebInterface.h */ = {isa = PBXFileReference; fileEncoding = 4; lastKnownFileType = sourcecode.c.h; path = OSWebInterface.h; sourceTree = "<group>"; };
		0B2140651C8CF0E600212007 /* OSWebInterface.m */ = {isa = PBXFileReference; fileEncoding = 4; lastKnownFileType = sourcecode.c.objc; path = OSWebInterface.m; sourceTree = "<group>"; };
		0B2140661C8CF0E600212007 /* OSDataParser.h */ = {isa = PBXFileReference; fileEncoding = 4; lastKnownFileType = sourcecode.c.h; path = OSDataParser.h; sourceTree = "<group>"; };
		0B2140671C8CF0E600212007 /* OSDataParser.m */ = {isa = PBXFileReference; fileEncoding = 4; lastKnownFileType = sourcecode.c.objc; path = OSDataParser.m; sourceTree = "<group>"; };
		0B2140681C8CF0E600212007 /* OSXMLDataParser.h */ = {isa = PBXFileReference; fileEncoding = 4; lastKnownFileType = sourcecode.c.h; path = OSXMLDataParser.h; sourceTree = "<group>"; };
		0B2140691C8CF0E600212007 /* OSXMLDataParser.m */ = {isa = PBXFileReference; fileEncoding = 4; lastKnownFileType = sourcecode.c.objc; path = OSXMLDataParser.m; sourceTree = "<group>"; };
		0B21406A1C8CF0E600212007 /* OSJSONDataParser.h */ = {isa = PBXFileReference; fileEncoding = 4; lastKnownFileType = sourcecode.c.h; path = OSJSONDataParser.h; sourceTree = "<group>"; };
		0B21406B1C8CF0E600212007 /* OSJSONDataParser.m */ = {isa = PBXFileReference; fileEncoding = 4; lastKnownFileType = sourcecode.c.objc; path = OSJSONDataParser.m; sourceTree = "<group>"; };
		0B2477A71AD99A7900B00728 /* CloudKit.framework */ = {isa = PBXFileReference; lastKnownFileType = wrapper.framework; name = CloudKit.framework; path = System/Library/Frameworks/CloudKit.framework; sourceTree = SDKROOT; };
		0B2477A91AD99DB700B00728 /* OSCloudKitRequestOperation.h */ = {isa = PBXFileReference; fileEncoding = 4; lastKnownFileType = sourcecode.c.h; path = OSCloudKitRequestOperation.h; sourceTree = "<group>"; };
		0B2477AA1AD99DB700B00728 /* OSCloudKitRequestOperation.m */ = {isa = PBXFileReference; fileEncoding = 4; lastKnownFileType = sourcecode.c.objc; path = OSCloudKitRequestOperation.m; sourceTree = "<group>"; };
		0B3ED6981CAEC60F00D349A8 /* OSTopBarActivityIndicatorManager.h */ = {isa = PBXFileReference; fileEncoding = 4; lastKnownFileType = sourcecode.c.h; path = OSTopBarActivityIndicatorManager.h; sourceTree = "<group>"; };
		0B3ED6991CAEC60F00D349A8 /* OSTopBarActivityIndicatorManager.m */ = {isa = PBXFileReference; fileEncoding = 4; lastKnownFileType = sourcecode.c.objc; path = OSTopBarActivityIndicatorManager.m; sourceTree = "<group>"; };
		0B3ED69C1CAECA4800D349A8 /* OSTopBarActivityIndicatorManagerTest.m */ = {isa = PBXFileReference; fileEncoding = 4; lastKnownFileType = sourcecode.c.objc; path = OSTopBarActivityIndicatorManagerTest.m; sourceTree = "<group>"; };
		0B4DAC871CAE82C500036E8D /* OSTopBarActivityIndicator.h */ = {isa = PBXFileReference; fileEncoding = 4; lastKnownFileType = sourcecode.c.h; path = OSTopBarActivityIndicator.h; sourceTree = "<group>"; };
		0B4DAC881CAE82C500036E8D /* OSTopBarActivityIndicator.m */ = {isa = PBXFileReference; fileEncoding = 4; lastKnownFileType = sourcecode.c.objc; path = OSTopBarActivityIndicator.m; sourceTree = "<group>"; };
		0B52EE921768C71B00F7D477 /* OSCoreDataSyncEngine.h */ = {isa = PBXFileReference; fileEncoding = 4; lastKnownFileType = sourcecode.c.h; path = OSCoreDataSyncEngine.h; sourceTree = "<group>"; };
		0B52EE931768C71B00F7D477 /* OSCoreDataSyncEngine.m */ = {isa = PBXFileReference; fileEncoding = 4; lastKnownFileType = sourcecode.c.objc; path = OSCoreDataSyncEngine.m; sourceTree = "<group>"; };
		0B52EE961768CC9900F7D477 /* MobileCoreServices.framework */ = {isa = PBXFileReference; lastKnownFileType = wrapper.framework; name = MobileCoreServices.framework; path = System/Library/Frameworks/MobileCoreServices.framework; sourceTree = SDKROOT; };
		0B52EE981768CEFA00F7D477 /* HTTPAPIClient.h */ = {isa = PBXFileReference; fileEncoding = 4; lastKnownFileType = sourcecode.c.h; path = HTTPAPIClient.h; sourceTree = "<group>"; };
		0B52EE9A1768D7E700F7D477 /* OSHTTPAPIClient.h */ = {isa = PBXFileReference; fileEncoding = 4; lastKnownFileType = sourcecode.c.h; path = OSHTTPAPIClient.h; sourceTree = "<group>"; };
		0B52EE9B1768D7E700F7D477 /* OSHTTPAPIClient.m */ = {isa = PBXFileReference; fileEncoding = 4; lastKnownFileType = sourcecode.c.objc; path = OSHTTPAPIClient.m; sourceTree = "<group>"; };
		0B52EE9E1768D93500F7D477 /* NSManagedObject+JSON.h */ = {isa = PBXFileReference; fileEncoding = 4; lastKnownFileType = sourcecode.c.h; path = "NSManagedObject+JSON.h"; sourceTree = "<group>"; };
		0B52EE9F1768D93500F7D477 /* NSManagedObject+JSON.m */ = {isa = PBXFileReference; fileEncoding = 4; lastKnownFileType = sourcecode.c.objc; path = "NSManagedObject+JSON.m"; sourceTree = "<group>"; };
		0B6917F419C6EC3B0099A595 /* OSEditablePickerViewTableViewCell.h */ = {isa = PBXFileReference; fileEncoding = 4; lastKnownFileType = sourcecode.c.h; path = OSEditablePickerViewTableViewCell.h; sourceTree = "<group>"; };
		0B6917F519C6EC3B0099A595 /* OSEditablePickerViewTableViewCell.m */ = {isa = PBXFileReference; fileEncoding = 4; lastKnownFileType = sourcecode.c.objc; path = OSEditablePickerViewTableViewCell.m; sourceTree = "<group>"; };
		0B7F130017905DF90068B3F8 /* Cocoa.framework */ = {isa = PBXFileReference; lastKnownFileType = wrapper.framework; name = Cocoa.framework; path = Library/Frameworks/Cocoa.framework; sourceTree = DEVELOPER_DIR; };
		0B7F130317905DF90068B3F8 /* AppKit.framework */ = {isa = PBXFileReference; lastKnownFileType = wrapper.framework; name = AppKit.framework; path = Library/Frameworks/AppKit.framework; sourceTree = SDKROOT; };
		0B7F130417905DF90068B3F8 /* CoreData.framework */ = {isa = PBXFileReference; lastKnownFileType = wrapper.framework; name = CoreData.framework; path = Library/Frameworks/CoreData.framework; sourceTree = SDKROOT; };
		0B7F130517905DF90068B3F8 /* Foundation.framework */ = {isa = PBXFileReference; lastKnownFileType = wrapper.framework; name = Foundation.framework; path = Library/Frameworks/Foundation.framework; sourceTree = SDKROOT; };
		0B7F130817905DF90068B3F8 /* OSLibraryBundle-Info.plist */ = {isa = PBXFileReference; lastKnownFileType = text.plist.xml; path = "OSLibraryBundle-Info.plist"; sourceTree = "<group>"; };
		0B7F130C17905DF90068B3F8 /* OSLibraryBundle-Prefix.pch */ = {isa = PBXFileReference; lastKnownFileType = sourcecode.c.h; path = "OSLibraryBundle-Prefix.pch"; sourceTree = "<group>"; };
		0BAA83171C515A8700DCB86D /* OSEmailValidator.h */ = {isa = PBXFileReference; fileEncoding = 4; lastKnownFileType = sourcecode.c.h; path = OSEmailValidator.h; sourceTree = "<group>"; };
		0BAA83181C515A8700DCB86D /* OSEmailValidator.m */ = {isa = PBXFileReference; fileEncoding = 4; lastKnownFileType = sourcecode.c.objc; path = OSEmailValidator.m; sourceTree = "<group>"; };
		0BAB465F1B2D778F00A763B7 /* OSBorderedButton.h */ = {isa = PBXFileReference; fileEncoding = 4; lastKnownFileType = sourcecode.c.h; path = OSBorderedButton.h; sourceTree = "<group>"; };
		0BAB46601B2D778F00A763B7 /* OSBorderedButton.m */ = {isa = PBXFileReference; fileEncoding = 4; lastKnownFileType = sourcecode.c.objc; path = OSBorderedButton.m; sourceTree = "<group>"; };
		0BAB7DF119C1AFEB00BA044E /* OSSystemTest.m */ = {isa = PBXFileReference; fileEncoding = 4; lastKnownFileType = sourcecode.c.objc; path = OSSystemTest.m; sourceTree = "<group>"; };
		0BB1EB041A8E8C730038B564 /* OSCloudKitSyncEngine.h */ = {isa = PBXFileReference; fileEncoding = 4; lastKnownFileType = sourcecode.c.h; path = OSCloudKitSyncEngine.h; sourceTree = "<group>"; };
		0BB1EB051A8E8C730038B564 /* OSCloudKitSyncEngine.m */ = {isa = PBXFileReference; fileEncoding = 4; lastKnownFileType = sourcecode.c.objc; path = OSCloudKitSyncEngine.m; sourceTree = "<group>"; };
		0BB7876D1C8F0947002B977E /* OSWebInterfaceTest.m */ = {isa = PBXFileReference; fileEncoding = 4; lastKnownFileType = sourcecode.c.objc; path = OSWebInterfaceTest.m; sourceTree = "<group>"; };
		0BD9FCD4190B99C300F7D8B6 /* OSHTTPRequestOperation.h */ = {isa = PBXFileReference; fileEncoding = 4; lastKnownFileType = sourcecode.c.h; path = OSHTTPRequestOperation.h; sourceTree = "<group>"; };
		0BD9FCD5190B99C300F7D8B6 /* OSHTTPRequestOperation.m */ = {isa = PBXFileReference; fileEncoding = 4; lastKnownFileType = sourcecode.c.objc; path = OSHTTPRequestOperation.m; sourceTree = "<group>"; };
		0BD9FCD8190B9EE700F7D8B6 /* OSHTTPClient.h */ = {isa = PBXFileReference; fileEncoding = 4; lastKnownFileType = sourcecode.c.h; path = OSHTTPClient.h; sourceTree = "<group>"; };
		0BD9FCD9190B9EE700F7D8B6 /* OSHTTPClient.m */ = {isa = PBXFileReference; fileEncoding = 4; lastKnownFileType = sourcecode.c.objc; path = OSHTTPClient.m; sourceTree = "<group>"; };
		0BD9FCDC190BA18000F7D8B6 /* OSJSONRequestOperation.h */ = {isa = PBXFileReference; fileEncoding = 4; lastKnownFileType = sourcecode.c.h; path = OSJSONRequestOperation.h; sourceTree = "<group>"; };
		0BD9FCDD190BA18000F7D8B6 /* OSJSONRequestOperation.m */ = {isa = PBXFileReference; fileEncoding = 4; lastKnownFileType = sourcecode.c.objc; path = OSJSONRequestOperation.m; sourceTree = "<group>"; };
		0BFA55091C8C8C2E0072AE7C /* OSLibraryTests-Bridging-Header.h */ = {isa = PBXFileReference; lastKnownFileType = sourcecode.c.h; path = "OSLibraryTests-Bridging-Header.h"; sourceTree = "<group>"; };
		0BFA550A1C8C8C2E0072AE7C /* OSEmailValidatorTest.swift */ = {isa = PBXFileReference; fileEncoding = 4; lastKnownFileType = sourcecode.swift; path = OSEmailValidatorTest.swift; sourceTree = "<group>"; };
		1008160215C11AB200429593 /* UIView+Snapshot.h */ = {isa = PBXFileReference; fileEncoding = 4; lastKnownFileType = sourcecode.c.h; path = "UIView+Snapshot.h"; sourceTree = "<group>"; };
		1008160315C11AB200429593 /* UIView+Snapshot.m */ = {isa = PBXFileReference; fileEncoding = 4; lastKnownFileType = sourcecode.c.objc; path = "UIView+Snapshot.m"; sourceTree = "<group>"; };
		1008160715C11BA700429593 /* UIKit.framework */ = {isa = PBXFileReference; lastKnownFileType = wrapper.framework; name = UIKit.framework; path = System/Library/Frameworks/UIKit.framework; sourceTree = SDKROOT; };
		103FE0A7165BC7BD00F25586 /* OSDefaultTheme.h */ = {isa = PBXFileReference; fileEncoding = 4; lastKnownFileType = sourcecode.c.h; path = OSDefaultTheme.h; sourceTree = "<group>"; };
		103FE0A8165BC7BD00F25586 /* OSDefaultTheme.m */ = {isa = PBXFileReference; fileEncoding = 4; lastKnownFileType = sourcecode.c.objc; path = OSDefaultTheme.m; sourceTree = "<group>"; };
		103FE0AB165BC7CC00F25586 /* OSTheme.h */ = {isa = PBXFileReference; fileEncoding = 4; lastKnownFileType = sourcecode.c.h; path = OSTheme.h; sourceTree = "<group>"; };
		103FE0AC165BC7CC00F25586 /* OSTheme.m */ = {isa = PBXFileReference; fileEncoding = 4; lastKnownFileType = sourcecode.c.objc; path = OSTheme.m; sourceTree = "<group>"; };
		10532F4115DA569000AB115B /* OSLoadingViewController.h */ = {isa = PBXFileReference; fileEncoding = 4; lastKnownFileType = sourcecode.c.h; path = OSLoadingViewController.h; sourceTree = "<group>"; };
		10532F4215DA569000AB115B /* OSLoadingViewController.m */ = {isa = PBXFileReference; fileEncoding = 4; lastKnownFileType = sourcecode.c.objc; path = OSLoadingViewController.m; sourceTree = "<group>"; };
		106F64A515C16B8700C22FC0 /* UIImage+StackBlur.h */ = {isa = PBXFileReference; fileEncoding = 4; lastKnownFileType = sourcecode.c.h; path = "UIImage+StackBlur.h"; sourceTree = "<group>"; };
		106F64A615C16B8700C22FC0 /* UIImage+StackBlur.m */ = {isa = PBXFileReference; fileEncoding = 4; lastKnownFileType = sourcecode.c.objc; path = "UIImage+StackBlur.m"; sourceTree = "<group>"; };
		106F667615D8DFC10016184F /* OSDatabase.h */ = {isa = PBXFileReference; fileEncoding = 4; lastKnownFileType = sourcecode.c.h; path = OSDatabase.h; sourceTree = "<group>"; };
		106F667715D8DFC10016184F /* OSDatabase.m */ = {isa = PBXFileReference; fileEncoding = 4; lastKnownFileType = sourcecode.c.objc; path = OSDatabase.m; sourceTree = "<group>"; };
		108AD5D715DA657700EE2443 /* OSAppearance.h */ = {isa = PBXFileReference; fileEncoding = 4; lastKnownFileType = sourcecode.c.h; path = OSAppearance.h; sourceTree = "<group>"; };
		108AD5D815DA657700EE2443 /* OSAppearance.m */ = {isa = PBXFileReference; fileEncoding = 4; lastKnownFileType = sourcecode.c.objc; path = OSAppearance.m; sourceTree = "<group>"; };
		108E2C6515B0483B003C0EB7 /* UIImageView+Downloader.h */ = {isa = PBXFileReference; fileEncoding = 4; lastKnownFileType = sourcecode.c.h; path = "UIImageView+Downloader.h"; sourceTree = "<group>"; };
		108E2C6615B0483B003C0EB7 /* UIImageView+Downloader.m */ = {isa = PBXFileReference; fileEncoding = 4; lastKnownFileType = sourcecode.c.objc; path = "UIImageView+Downloader.m"; sourceTree = "<group>"; };
		1097CC46165A761300330CD2 /* NSStirng+encodeStringTest.h */ = {isa = PBXFileReference; fileEncoding = 4; lastKnownFileType = sourcecode.c.h; path = "NSStirng+encodeStringTest.h"; sourceTree = "<group>"; };
		1097CC47165A761300330CD2 /* NSStirng+encodeStringTest.m */ = {isa = PBXFileReference; fileEncoding = 4; lastKnownFileType = sourcecode.c.objc; path = "NSStirng+encodeStringTest.m"; sourceTree = "<group>"; };
		1097CC4A165A789C00330CD2 /* OSOperationQueuesTest.h */ = {isa = PBXFileReference; fileEncoding = 4; lastKnownFileType = sourcecode.c.h; path = OSOperationQueuesTest.h; sourceTree = "<group>"; };
		1097CC4B165A789C00330CD2 /* OSOperationQueuesTest.m */ = {isa = PBXFileReference; fileEncoding = 4; lastKnownFileType = sourcecode.c.objc; path = OSOperationQueuesTest.m; sourceTree = "<group>"; };
		10A338FE15E381560059F012 /* NSString+encodeString.h */ = {isa = PBXFileReference; fileEncoding = 4; lastKnownFileType = sourcecode.c.h; path = "NSString+encodeString.h"; sourceTree = "<group>"; };
		10A338FF15E381560059F012 /* NSString+encodeString.m */ = {isa = PBXFileReference; fileEncoding = 4; lastKnownFileType = sourcecode.c.objc; path = "NSString+encodeString.m"; sourceTree = "<group>"; };
		10C58E4015DCDD7D00496A25 /* OSOperation.h */ = {isa = PBXFileReference; fileEncoding = 4; lastKnownFileType = sourcecode.c.h; path = OSOperation.h; sourceTree = "<group>"; };
		10C58E4115DCDD7D00496A25 /* OSOperation.m */ = {isa = PBXFileReference; fileEncoding = 4; lastKnownFileType = sourcecode.c.objc; path = OSOperation.m; sourceTree = "<group>"; };
		10C58E4915DCEB2700496A25 /* OSOperationQueues.h */ = {isa = PBXFileReference; fileEncoding = 4; lastKnownFileType = sourcecode.c.h; path = OSOperationQueues.h; sourceTree = "<group>"; };
		10C58E4A15DCEB2700496A25 /* OSOperationQueues.m */ = {isa = PBXFileReference; fileEncoding = 4; lastKnownFileType = sourcecode.c.objc; path = OSOperationQueues.m; sourceTree = "<group>"; };
		10C7CF22167B3F7100E9047F /* OSWebRequestAuth.h */ = {isa = PBXFileReference; fileEncoding = 4; lastKnownFileType = sourcecode.c.h; path = OSWebRequestAuth.h; sourceTree = "<group>"; };
		10C7CF23167B3F7100E9047F /* OSWebRequestAuth.m */ = {isa = PBXFileReference; fileEncoding = 4; lastKnownFileType = sourcecode.c.objc; path = OSWebRequestAuth.m; sourceTree = "<group>"; };
		272C036015335261008DF260 /* NSData+Base64.h */ = {isa = PBXFileReference; fileEncoding = 4; lastKnownFileType = sourcecode.c.h; path = "NSData+Base64.h"; sourceTree = "<group>"; };
		272C036115335261008DF260 /* NSData+Base64.m */ = {isa = PBXFileReference; fileEncoding = 4; lastKnownFileType = sourcecode.c.objc; path = "NSData+Base64.m"; sourceTree = "<group>"; };
		272C0364153352F9008DF260 /* OSCrypto.h */ = {isa = PBXFileReference; fileEncoding = 4; lastKnownFileType = sourcecode.c.h; path = OSCrypto.h; sourceTree = "<group>"; };
		272C0365153352F9008DF260 /* OSCrypto.m */ = {isa = PBXFileReference; fileEncoding = 4; lastKnownFileType = sourcecode.c.objc; path = OSCrypto.m; sourceTree = "<group>"; };
		278474B713EFF2E400CDD1CF /* OSWebRequest.h */ = {isa = PBXFileReference; fileEncoding = 4; lastKnownFileType = sourcecode.c.h; path = OSWebRequest.h; sourceTree = "<group>"; };
		278474B813EFF2E400CDD1CF /* OSWebRequest.m */ = {isa = PBXFileReference; fileEncoding = 4; lastKnownFileType = sourcecode.c.objc; path = OSWebRequest.m; sourceTree = "<group>"; };
		27CB95F613E4110100717380 /* libOSLibrary.a */ = {isa = PBXFileReference; explicitFileType = archive.ar; includeInIndex = 0; path = libOSLibrary.a; sourceTree = BUILT_PRODUCTS_DIR; };
		27CB95F913E4110100717380 /* Foundation.framework */ = {isa = PBXFileReference; lastKnownFileType = wrapper.framework; name = Foundation.framework; path = System/Library/Frameworks/Foundation.framework; sourceTree = SDKROOT; };
		27CB95FD13E4110100717380 /* OSLibrary-Prefix.pch */ = {isa = PBXFileReference; lastKnownFileType = sourcecode.c.h; path = "OSLibrary-Prefix.pch"; sourceTree = "<group>"; };
		27CB95FE13E4110100717380 /* OSLibrary.h */ = {isa = PBXFileReference; lastKnownFileType = sourcecode.c.h; path = OSLibrary.h; sourceTree = "<group>"; };
		27CB960613E4110100717380 /* OSLibraryTests.xctest */ = {isa = PBXFileReference; explicitFileType = wrapper.cfbundle; includeInIndex = 0; path = OSLibraryTests.xctest; sourceTree = BUILT_PRODUCTS_DIR; };
		27CB961313E4110100717380 /* OSLibraryTests-Info.plist */ = {isa = PBXFileReference; lastKnownFileType = text.plist.xml; path = "OSLibraryTests-Info.plist"; sourceTree = "<group>"; };
		27CB961713E4110100717380 /* OSLibraryTests.h */ = {isa = PBXFileReference; lastKnownFileType = sourcecode.c.h; path = OSLibraryTests.h; sourceTree = "<group>"; };
		27CB961913E4110100717380 /* OSLibraryTests.m */ = {isa = PBXFileReference; lastKnownFileType = sourcecode.c.objc; path = OSLibraryTests.m; sourceTree = "<group>"; };
		27CB962313E4115700717380 /* OSDate.h */ = {isa = PBXFileReference; fileEncoding = 4; lastKnownFileType = sourcecode.c.h; path = OSDate.h; sourceTree = "<group>"; };
		27CB962413E4115700717380 /* OSDate.m */ = {isa = PBXFileReference; fileEncoding = 4; lastKnownFileType = sourcecode.c.objc; path = OSDate.m; sourceTree = "<group>"; };
		27CB962713E411CD00717380 /* OSTime.h */ = {isa = PBXFileReference; fileEncoding = 4; lastKnownFileType = sourcecode.c.h; path = OSTime.h; sourceTree = "<group>"; };
		27CB962813E411CD00717380 /* OSTime.m */ = {isa = PBXFileReference; fileEncoding = 4; lastKnownFileType = sourcecode.c.objc; path = OSTime.m; sourceTree = "<group>"; };
		27CB962B13E411DC00717380 /* OSDateTime.h */ = {isa = PBXFileReference; fileEncoding = 4; lastKnownFileType = sourcecode.c.h; path = OSDateTime.h; sourceTree = "<group>"; };
		27CB962C13E411DC00717380 /* OSDateTime.m */ = {isa = PBXFileReference; fileEncoding = 4; lastKnownFileType = sourcecode.c.objc; path = OSDateTime.m; sourceTree = "<group>"; };
		27CB962F13E4124400717380 /* OSSystem.h */ = {isa = PBXFileReference; fileEncoding = 4; lastKnownFileType = sourcecode.c.h; path = OSSystem.h; sourceTree = "<group>"; };
		27CB963013E4124400717380 /* OSSystem.m */ = {isa = PBXFileReference; fileEncoding = 4; lastKnownFileType = sourcecode.c.objc; path = OSSystem.m; sourceTree = "<group>"; };
		27CB963313E4140600717380 /* OSDateTest.h */ = {isa = PBXFileReference; fileEncoding = 4; lastKnownFileType = sourcecode.c.h; name = OSDateTest.h; path = OSLibraryTests/OSDateTest.h; sourceTree = SOURCE_ROOT; };
		27CB963413E4140600717380 /* OSDateTest.m */ = {isa = PBXFileReference; fileEncoding = 4; lastKnownFileType = sourcecode.c.objc; name = OSDateTest.m; path = OSLibraryTests/OSDateTest.m; sourceTree = SOURCE_ROOT; };
		27CB963613E4162F00717380 /* OSTimeTest.h */ = {isa = PBXFileReference; fileEncoding = 4; lastKnownFileType = sourcecode.c.h; name = OSTimeTest.h; path = OSLibraryTests/OSTimeTest.h; sourceTree = SOURCE_ROOT; };
		27CB963713E4162F00717380 /* OSTimeTest.m */ = {isa = PBXFileReference; fileEncoding = 4; lastKnownFileType = sourcecode.c.objc; path = OSTimeTest.m; sourceTree = "<group>"; };
		27CB963913E418A300717380 /* OSDateTimeTest.h */ = {isa = PBXFileReference; fileEncoding = 4; lastKnownFileType = sourcecode.c.h; path = OSDateTimeTest.h; sourceTree = "<group>"; };
		27CB963A13E418A300717380 /* OSDateTimeTest.m */ = {isa = PBXFileReference; fileEncoding = 4; lastKnownFileType = sourcecode.c.objc; path = OSDateTimeTest.m; sourceTree = "<group>"; };
		27FD9C6E14EAB2DB0091A0E3 /* OSNetwork.h */ = {isa = PBXFileReference; fileEncoding = 4; lastKnownFileType = sourcecode.c.h; path = OSNetwork.h; sourceTree = "<group>"; };
		27FD9C6F14EAB2DB0091A0E3 /* OSNetwork.m */ = {isa = PBXFileReference; fileEncoding = 4; lastKnownFileType = sourcecode.c.objc; path = OSNetwork.m; sourceTree = "<group>"; };
		27FD9C7314EAB3200091A0E3 /* SystemConfiguration.framework */ = {isa = PBXFileReference; lastKnownFileType = wrapper.framework; name = SystemConfiguration.framework; path = System/Library/Frameworks/SystemConfiguration.framework; sourceTree = SDKROOT; };
		27FD9C7814EAB3BA0091A0E3 /* OSNetworkTest.h */ = {isa = PBXFileReference; fileEncoding = 4; lastKnownFileType = sourcecode.c.h; path = OSNetworkTest.h; sourceTree = "<group>"; };
		27FD9C7914EAB3BA0091A0E3 /* OSNetworkTest.m */ = {isa = PBXFileReference; fileEncoding = 4; lastKnownFileType = sourcecode.c.objc; path = OSNetworkTest.m; sourceTree = "<group>"; };
		27FEF6E213ED459800BC78B0 /* OSAnimation.h */ = {isa = PBXFileReference; fileEncoding = 4; lastKnownFileType = sourcecode.c.h; path = OSAnimation.h; sourceTree = "<group>"; };
		27FEF6E313ED459800BC78B0 /* OSAnimation.m */ = {isa = PBXFileReference; fileEncoding = 4; lastKnownFileType = sourcecode.c.objc; path = OSAnimation.m; sourceTree = "<group>"; };
		27FEF70A13ED4A7A00BC78B0 /* OSLocation.h */ = {isa = PBXFileReference; fileEncoding = 4; lastKnownFileType = sourcecode.c.h; path = OSLocation.h; sourceTree = "<group>"; };
		27FEF70B13ED4A7A00BC78B0 /* OSLocation.m */ = {isa = PBXFileReference; fileEncoding = 4; lastKnownFileType = sourcecode.c.objc; path = OSLocation.m; sourceTree = "<group>"; };
		27FEF70E13ED4FBE00BC78B0 /* OSImage.h */ = {isa = PBXFileReference; fileEncoding = 4; lastKnownFileType = sourcecode.c.h; path = OSImage.h; sourceTree = "<group>"; };
		27FEF70F13ED4FBE00BC78B0 /* OSImage.m */ = {isa = PBXFileReference; fileEncoding = 4; lastKnownFileType = sourcecode.c.objc; path = OSImage.m; sourceTree = "<group>"; };
		27FEF71213ED54B100BC78B0 /* WebViewController.h */ = {isa = PBXFileReference; fileEncoding = 4; lastKnownFileType = sourcecode.c.h; path = WebViewController.h; sourceTree = "<group>"; };
		27FEF71313ED54B200BC78B0 /* WebViewController.m */ = {isa = PBXFileReference; fileEncoding = 4; lastKnownFileType = sourcecode.c.objc; path = WebViewController.m; sourceTree = "<group>"; };
		27FEF71413ED54B200BC78B0 /* WebViewController.xib */ = {isa = PBXFileReference; fileEncoding = 4; lastKnownFileType = file.xib; path = WebViewController.xib; sourceTree = "<group>"; };
/* End PBXFileReference section */

/* Begin PBXFrameworksBuildPhase section */
		27CB95F313E4110000717380 /* Frameworks */ = {
			isa = PBXFrameworksBuildPhase;
			buildActionMask = 2147483647;
			files = (
				0B2477A81AD99A7900B00728 /* CloudKit.framework in Frameworks */,
				0B52EE971768CC9900F7D477 /* MobileCoreServices.framework in Frameworks */,
				1008160815C11BA700429593 /* UIKit.framework in Frameworks */,
				27FD9C7414EAB3200091A0E3 /* SystemConfiguration.framework in Frameworks */,
				27CB95FA13E4110100717380 /* Foundation.framework in Frameworks */,
			);
			runOnlyForDeploymentPostprocessing = 0;
		};
		27CB960213E4110100717380 /* Frameworks */ = {
			isa = PBXFrameworksBuildPhase;
			buildActionMask = 2147483647;
			files = (
				0B0CF5DF176FDA5B00CBEF64 /* Security.framework in Frameworks */,
				0B0CF5D8176FB79500CBEF64 /* CoreData.framework in Frameworks */,
				1008160915C11BE800429593 /* UIKit.framework in Frameworks */,
				27FD9C7B14EAB5940091A0E3 /* SystemConfiguration.framework in Frameworks */,
				27CB960B13E4110100717380 /* Foundation.framework in Frameworks */,
				27CB961013E4110100717380 /* libOSLibrary.a in Frameworks */,
			);
			runOnlyForDeploymentPostprocessing = 0;
		};
/* End PBXFrameworksBuildPhase section */

/* Begin PBXGroup section */
		0B2140611C8CF0C700212007 /* API client */ = {
			isa = PBXGroup;
			children = (
				0B2140621C8CF0E600212007 /* OSWebQuery.h */,
				0B2140631C8CF0E600212007 /* OSWebQuery.m */,
				0B2140641C8CF0E600212007 /* OSWebInterface.h */,
				0B2140651C8CF0E600212007 /* OSWebInterface.m */,
				0B2140661C8CF0E600212007 /* OSDataParser.h */,
				0B2140671C8CF0E600212007 /* OSDataParser.m */,
				0B2140681C8CF0E600212007 /* OSXMLDataParser.h */,
				0B2140691C8CF0E600212007 /* OSXMLDataParser.m */,
				0B21406A1C8CF0E600212007 /* OSJSONDataParser.h */,
				0B21406B1C8CF0E600212007 /* OSJSONDataParser.m */,
			);
			name = "API client";
			sourceTree = "<group>";
		};
		0B7F130217905DF90068B3F8 /* Other Frameworks */ = {
			isa = PBXGroup;
			children = (
				0B7F130317905DF90068B3F8 /* AppKit.framework */,
				0B7F130417905DF90068B3F8 /* CoreData.framework */,
				0B7F130517905DF90068B3F8 /* Foundation.framework */,
			);
			name = "Other Frameworks";
			sourceTree = "<group>";
		};
		0B7F130617905DF90068B3F8 /* OSLibraryBundle */ = {
			isa = PBXGroup;
			children = (
				0B7F130717905DF90068B3F8 /* Supporting Files */,
			);
			path = OSLibraryBundle;
			sourceTree = "<group>";
		};
		0B7F130717905DF90068B3F8 /* Supporting Files */ = {
			isa = PBXGroup;
			children = (
				0B7F130817905DF90068B3F8 /* OSLibraryBundle-Info.plist */,
				0B7F130C17905DF90068B3F8 /* OSLibraryBundle-Prefix.pch */,
			);
			name = "Supporting Files";
			sourceTree = "<group>";
		};
		103FE0A5165BC7A800F25586 /* Theme */ = {
			isa = PBXGroup;
			children = (
				103FE0A7165BC7BD00F25586 /* OSDefaultTheme.h */,
				103FE0A8165BC7BD00F25586 /* OSDefaultTheme.m */,
				103FE0AB165BC7CC00F25586 /* OSTheme.h */,
				103FE0AC165BC7CC00F25586 /* OSTheme.m */,
			);
			name = Theme;
			sourceTree = "<group>";
		};
		10BA49DE165E6CFD0069651F /* Network */ = {
			isa = PBXGroup;
			children = (
				0B2140611C8CF0C700212007 /* API client */,
				27FD9C6E14EAB2DB0091A0E3 /* OSNetwork.h */,
				27FD9C6F14EAB2DB0091A0E3 /* OSNetwork.m */,
				278474B713EFF2E400CDD1CF /* OSWebRequest.h */,
				278474B813EFF2E400CDD1CF /* OSWebRequest.m */,
				10C7CF22167B3F7100E9047F /* OSWebRequestAuth.h */,
				10C7CF23167B3F7100E9047F /* OSWebRequestAuth.m */,
				0BD9FCD4190B99C300F7D8B6 /* OSHTTPRequestOperation.h */,
				0BD9FCD5190B99C300F7D8B6 /* OSHTTPRequestOperation.m */,
				0BD9FCD8190B9EE700F7D8B6 /* OSHTTPClient.h */,
				0BD9FCD9190B9EE700F7D8B6 /* OSHTTPClient.m */,
				0BD9FCDC190BA18000F7D8B6 /* OSJSONRequestOperation.h */,
				0BD9FCDD190BA18000F7D8B6 /* OSJSONRequestOperation.m */,
				0B4DAC871CAE82C500036E8D /* OSTopBarActivityIndicator.h */,
				0B4DAC881CAE82C500036E8D /* OSTopBarActivityIndicator.m */,
				0B3ED6981CAEC60F00D349A8 /* OSTopBarActivityIndicatorManager.h */,
				0B3ED6991CAEC60F00D349A8 /* OSTopBarActivityIndicatorManager.m */,
			);
			name = Network;
			sourceTree = "<group>";
		};
		10BA49E0165E6D070069651F /* Date & Time */ = {
			isa = PBXGroup;
			children = (
				27CB962313E4115700717380 /* OSDate.h */,
				27CB962413E4115700717380 /* OSDate.m */,
				27CB962713E411CD00717380 /* OSTime.h */,
				27CB962813E411CD00717380 /* OSTime.m */,
				27CB962B13E411DC00717380 /* OSDateTime.h */,
				27CB962C13E411DC00717380 /* OSDateTime.m */,
			);
			name = "Date & Time";
			sourceTree = "<group>";
		};
		10BA49E1165E6D1C0069651F /* Concurrency */ = {
			isa = PBXGroup;
			children = (
				10C58E4015DCDD7D00496A25 /* OSOperation.h */,
				10C58E4115DCDD7D00496A25 /* OSOperation.m */,
				10C58E4915DCEB2700496A25 /* OSOperationQueues.h */,
				10C58E4A15DCEB2700496A25 /* OSOperationQueues.m */,
			);
			name = Concurrency;
			sourceTree = "<group>";
		};
		10BA49E2165E6D3F0069651F /* Cryptography */ = {
			isa = PBXGroup;
			children = (
				272C0364153352F9008DF260 /* OSCrypto.h */,
				272C0365153352F9008DF260 /* OSCrypto.m */,
			);
			name = Cryptography;
			sourceTree = "<group>";
		};
		10BA49E3165E6D7E0069651F /* Image */ = {
			isa = PBXGroup;
			children = (
				27FEF6E213ED459800BC78B0 /* OSAnimation.h */,
				27FEF6E313ED459800BC78B0 /* OSAnimation.m */,
				27FEF70E13ED4FBE00BC78B0 /* OSImage.h */,
				27FEF70F13ED4FBE00BC78B0 /* OSImage.m */,
				108E2C6515B0483B003C0EB7 /* UIImageView+Downloader.h */,
				108E2C6615B0483B003C0EB7 /* UIImageView+Downloader.m */,
				1008160215C11AB200429593 /* UIView+Snapshot.h */,
				1008160315C11AB200429593 /* UIView+Snapshot.m */,
				106F64A515C16B8700C22FC0 /* UIImage+StackBlur.h */,
				106F64A615C16B8700C22FC0 /* UIImage+StackBlur.m */,
			);
			name = Image;
			sourceTree = "<group>";
		};
		10BA49E4165E6DBF0069651F /* Formats */ = {
			isa = PBXGroup;
			children = (
				272C036015335261008DF260 /* NSData+Base64.h */,
				272C036115335261008DF260 /* NSData+Base64.m */,
				10A338FE15E381560059F012 /* NSString+encodeString.h */,
				10A338FF15E381560059F012 /* NSString+encodeString.m */,
				0BAA83171C515A8700DCB86D /* OSEmailValidator.h */,
				0BAA83181C515A8700DCB86D /* OSEmailValidator.m */,
				0B081CA31CA5584300DCDC49 /* OSDNIValidator.h */,
				0B081CA41CA5584300DCDC49 /* OSDNIValidator.m */,
			);
			name = Formats;
			sourceTree = "<group>";
		};
		10BA49E5165E6DFC0069651F /* DB */ = {
			isa = PBXGroup;
			children = (
				106F667615D8DFC10016184F /* OSDatabase.h */,
				106F667715D8DFC10016184F /* OSDatabase.m */,
				0B52EE921768C71B00F7D477 /* OSCoreDataSyncEngine.h */,
				0B52EE931768C71B00F7D477 /* OSCoreDataSyncEngine.m */,
				0B52EE981768CEFA00F7D477 /* HTTPAPIClient.h */,
				0B52EE9A1768D7E700F7D477 /* OSHTTPAPIClient.h */,
				0B52EE9B1768D7E700F7D477 /* OSHTTPAPIClient.m */,
				0B52EE9E1768D93500F7D477 /* NSManagedObject+JSON.h */,
				0B52EE9F1768D93500F7D477 /* NSManagedObject+JSON.m */,
				0BB1EB041A8E8C730038B564 /* OSCloudKitSyncEngine.h */,
				0BB1EB051A8E8C730038B564 /* OSCloudKitSyncEngine.m */,
				0B2477A91AD99DB700B00728 /* OSCloudKitRequestOperation.h */,
				0B2477AA1AD99DB700B00728 /* OSCloudKitRequestOperation.m */,
			);
			name = DB;
			sourceTree = "<group>";
		};
		10BA49E6165E6F7C0069651F /* Views */ = {
			isa = PBXGroup;
			children = (
				27FEF71213ED54B100BC78B0 /* WebViewController.h */,
				27FEF71313ED54B200BC78B0 /* WebViewController.m */,
				27FEF71413ED54B200BC78B0 /* WebViewController.xib */,
				10532F4115DA569000AB115B /* OSLoadingViewController.h */,
				10532F4215DA569000AB115B /* OSLoadingViewController.m */,
				108AD5D715DA657700EE2443 /* OSAppearance.h */,
				108AD5D815DA657700EE2443 /* OSAppearance.m */,
				0B6917F419C6EC3B0099A595 /* OSEditablePickerViewTableViewCell.h */,
				0B6917F519C6EC3B0099A595 /* OSEditablePickerViewTableViewCell.m */,
				0BAB465F1B2D778F00A763B7 /* OSBorderedButton.h */,
				0BAB46601B2D778F00A763B7 /* OSBorderedButton.m */,
			);
			name = Views;
			sourceTree = "<group>";
		};
		10BA49E7165E6F910069651F /* Location */ = {
			isa = PBXGroup;
			children = (
				27FEF70A13ED4A7A00BC78B0 /* OSLocation.h */,
				27FEF70B13ED4A7A00BC78B0 /* OSLocation.m */,
			);
			name = Location;
			sourceTree = "<group>";
		};
		27CB95EB13E4110000717380 = {
			isa = PBXGroup;
			children = (
				27CB95FB13E4110100717380 /* OSLibrary */,
				27CB961113E4110100717380 /* OSLibraryTests */,
				0B7F130617905DF90068B3F8 /* OSLibraryBundle */,
				27CB95F813E4110100717380 /* Frameworks */,
				27CB95F713E4110100717380 /* Products */,
			);
			sourceTree = "<group>";
		};
		27CB95F713E4110100717380 /* Products */ = {
			isa = PBXGroup;
			children = (
				27CB95F613E4110100717380 /* libOSLibrary.a */,
				27CB960613E4110100717380 /* OSLibraryTests.xctest */,
			);
			name = Products;
			sourceTree = "<group>";
		};
		27CB95F813E4110100717380 /* Frameworks */ = {
			isa = PBXGroup;
			children = (
				0B2477A71AD99A7900B00728 /* CloudKit.framework */,
				0B0CF5DE176FDA5B00CBEF64 /* Security.framework */,
				0B0CF5D7176FB79500CBEF64 /* CoreData.framework */,
				0B52EE961768CC9900F7D477 /* MobileCoreServices.framework */,
				1008160715C11BA700429593 /* UIKit.framework */,
				27FD9C7314EAB3200091A0E3 /* SystemConfiguration.framework */,
				27CB95F913E4110100717380 /* Foundation.framework */,
				0B7F130017905DF90068B3F8 /* Cocoa.framework */,
				0B7F130217905DF90068B3F8 /* Other Frameworks */,
			);
			name = Frameworks;
			sourceTree = "<group>";
		};
		27CB95FB13E4110100717380 /* OSLibrary */ = {
			isa = PBXGroup;
			children = (
				10BA49E5165E6DFC0069651F /* DB */,
				10BA49E1165E6D1C0069651F /* Concurrency */,
				10BA49E2165E6D3F0069651F /* Cryptography */,
				10BA49E0165E6D070069651F /* Date & Time */,
				10BA49E4165E6DBF0069651F /* Formats */,
				10BA49E3165E6D7E0069651F /* Image */,
				10BA49E7165E6F910069651F /* Location */,
				10BA49DE165E6CFD0069651F /* Network */,
				103FE0A5165BC7A800F25586 /* Theme */,
				10BA49E6165E6F7C0069651F /* Views */,
				27CB95FE13E4110100717380 /* OSLibrary.h */,
				27CB962F13E4124400717380 /* OSSystem.h */,
				27CB963013E4124400717380 /* OSSystem.m */,
				27CB95FC13E4110100717380 /* Supporting Files */,
			);
			path = OSLibrary;
			sourceTree = "<group>";
		};
		27CB95FC13E4110100717380 /* Supporting Files */ = {
			isa = PBXGroup;
			children = (
				27CB95FD13E4110100717380 /* OSLibrary-Prefix.pch */,
			);
			name = "Supporting Files";
			sourceTree = "<group>";
		};
		27CB961113E4110100717380 /* OSLibraryTests */ = {
			isa = PBXGroup;
			children = (
				27CB961713E4110100717380 /* OSLibraryTests.h */,
				27CB961913E4110100717380 /* OSLibraryTests.m */,
				27CB961213E4110100717380 /* Supporting Files */,
				27CB963413E4140600717380 /* OSDateTest.m */,
				27CB963613E4162F00717380 /* OSTimeTest.h */,
				27CB963713E4162F00717380 /* OSTimeTest.m */,
				27CB963913E418A300717380 /* OSDateTimeTest.h */,
				27CB963A13E418A300717380 /* OSDateTimeTest.m */,
				27FD9C7814EAB3BA0091A0E3 /* OSNetworkTest.h */,
				27FD9C7914EAB3BA0091A0E3 /* OSNetworkTest.m */,
				1097CC46165A761300330CD2 /* NSStirng+encodeStringTest.h */,
				1097CC47165A761300330CD2 /* NSStirng+encodeStringTest.m */,
				1097CC4A165A789C00330CD2 /* OSOperationQueuesTest.h */,
				1097CC4B165A789C00330CD2 /* OSOperationQueuesTest.m */,
				0B0CF5D1176FB23F00CBEF64 /* OSDatabaseTest.h */,
				0B0CF5D2176FB23F00CBEF64 /* OSDatabaseTest.m */,
				0B0CF5D4176FB26600CBEF64 /* OSDatabaseTest.xcdatamodeld */,
				0BAB7DF119C1AFEB00BA044E /* OSSystemTest.m */,
				0BFA550A1C8C8C2E0072AE7C /* OSEmailValidatorTest.swift */,
				0BFA55091C8C8C2E0072AE7C /* OSLibraryTests-Bridging-Header.h */,
				0BB7876D1C8F0947002B977E /* OSWebInterfaceTest.m */,
				0B081CA61CA55B8D00DCDC49 /* OSDNIValidatorTest.swift */,
				0B3ED69C1CAECA4800D349A8 /* OSTopBarActivityIndicatorManagerTest.m */,
			);
			path = OSLibraryTests;
			sourceTree = SOURCE_ROOT;
		};
		27CB961213E4110100717380 /* Supporting Files */ = {
			isa = PBXGroup;
			children = (
				27CB961313E4110100717380 /* OSLibraryTests-Info.plist */,
				27CB963313E4140600717380 /* OSDateTest.h */,
			);
			name = "Supporting Files";
			sourceTree = "<group>";
		};
/* End PBXGroup section */

/* Begin PBXNativeTarget section */
		27CB95F513E4110000717380 /* OSLibrary */ = {
			isa = PBXNativeTarget;
			buildConfigurationList = 27CB961D13E4110100717380 /* Build configuration list for PBXNativeTarget "OSLibrary" */;
			buildPhases = (
				27CB95F213E4110000717380 /* Sources */,
				27CB95F313E4110000717380 /* Frameworks */,
				0B7F132A17905FCB0068B3F8 /* CopyFiles */,
			);
			buildRules = (
			);
			dependencies = (
			);
			name = OSLibrary;
			productName = OSLibrary;
			productReference = 27CB95F613E4110100717380 /* libOSLibrary.a */;
			productType = "com.apple.product-type.library.static";
		};
		27CB960513E4110100717380 /* OSLibraryTests */ = {
			isa = PBXNativeTarget;
			buildConfigurationList = 27CB962013E4110100717380 /* Build configuration list for PBXNativeTarget "OSLibraryTests" */;
			buildPhases = (
				27CB960113E4110100717380 /* Sources */,
				27CB960213E4110100717380 /* Frameworks */,
				27CB960313E4110100717380 /* Resources */,
			);
			buildRules = (
			);
			dependencies = (
				27CB960F13E4110100717380 /* PBXTargetDependency */,
			);
			name = OSLibraryTests;
			productName = OSLibraryTests;
			productReference = 27CB960613E4110100717380 /* OSLibraryTests.xctest */;
			productType = "com.apple.product-type.bundle.unit-test";
		};
/* End PBXNativeTarget section */

/* Begin PBXProject section */
		27CB95ED13E4110000717380 /* Project object */ = {
			isa = PBXProject;
			attributes = {
				LastSwiftUpdateCheck = 0720;
				LastTestingUpgradeCheck = 0510;
				LastUpgradeCheck = 0720;
				ORGANIZATIONNAME = veladan;
			};
			buildConfigurationList = 27CB95F013E4110000717380 /* Build configuration list for PBXProject "OSLibrary" */;
			compatibilityVersion = "Xcode 3.2";
			developmentRegion = English;
			hasScannedForEncodings = 0;
			knownRegions = (
				en,
			);
			mainGroup = 27CB95EB13E4110000717380;
			productRefGroup = 27CB95F713E4110100717380 /* Products */;
			projectDirPath = "";
			projectRoot = "";
			targets = (
				27CB95F513E4110000717380 /* OSLibrary */,
				27CB960513E4110100717380 /* OSLibraryTests */,
			);
		};
/* End PBXProject section */

/* Begin PBXResourcesBuildPhase section */
		27CB960313E4110100717380 /* Resources */ = {
			isa = PBXResourcesBuildPhase;
			buildActionMask = 2147483647;
			files = (
				27CB961813E4110100717380 /* OSLibraryTests.h in Resources */,
			);
			runOnlyForDeploymentPostprocessing = 0;
		};
/* End PBXResourcesBuildPhase section */

/* Begin PBXSourcesBuildPhase section */
		27CB95F213E4110000717380 /* Sources */ = {
			isa = PBXSourcesBuildPhase;
			buildActionMask = 2147483647;
			files = (
				27CB962613E4115700717380 /* OSDate.m in Sources */,
				27CB962A13E411CD00717380 /* OSTime.m in Sources */,
				0B6917F619C6EC3B0099A595 /* OSEditablePickerViewTableViewCell.m in Sources */,
				0B5D1E1B18B75BF800B14A7B /* OSWebRequestAuth.m in Sources */,
				0BB1EB061A8E8C730038B564 /* OSCloudKitSyncEngine.m in Sources */,
				27CB962E13E411DC00717380 /* OSDateTime.m in Sources */,
				27CB963213E4124400717380 /* OSSystem.m in Sources */,
				27FEF6E513ED459800BC78B0 /* OSAnimation.m in Sources */,
				0B21406D1C8CF0E600212007 /* OSWebInterface.m in Sources */,
				27FEF70D13ED4A7A00BC78B0 /* OSLocation.m in Sources */,
				27FEF71113ED4FBE00BC78B0 /* OSImage.m in Sources */,
				27FEF71613ED54B200BC78B0 /* WebViewController.m in Sources */,
				0B2140701C8CF0E600212007 /* OSJSONDataParser.m in Sources */,
				278474BA13EFF2E400CDD1CF /* OSWebRequest.m in Sources */,
				27FD9C7114EAB2DB0091A0E3 /* OSNetwork.m in Sources */,
				0BAB46611B2D778F00A763B7 /* OSBorderedButton.m in Sources */,
				0BD9FCD6190B99C300F7D8B6 /* OSHTTPRequestOperation.m in Sources */,
				272C036315335261008DF260 /* NSData+Base64.m in Sources */,
				0BAA83191C515A8700DCB86D /* OSEmailValidator.m in Sources */,
				0B21406C1C8CF0E600212007 /* OSWebQuery.m in Sources */,
				272C0367153352F9008DF260 /* OSCrypto.m in Sources */,
				108E2C6815B0483B003C0EB7 /* UIImageView+Downloader.m in Sources */,
				1008160515C11AB200429593 /* UIView+Snapshot.m in Sources */,
				0B2477AB1AD99DB700B00728 /* OSCloudKitRequestOperation.m in Sources */,
				106F64A815C16B8700C22FC0 /* UIImage+StackBlur.m in Sources */,
				0B21406F1C8CF0E600212007 /* OSXMLDataParser.m in Sources */,
				106F667915D8DFC10016184F /* OSDatabase.m in Sources */,
				0BD9FCDA190B9EE700F7D8B6 /* OSHTTPClient.m in Sources */,
				10532F4415DA569000AB115B /* OSLoadingViewController.m in Sources */,
				108AD5DA15DA657700EE2443 /* OSAppearance.m in Sources */,
				10C58E4315DCDD7D00496A25 /* OSOperation.m in Sources */,
				10C58E4C15DCEB2700496A25 /* OSOperationQueues.m in Sources */,
				10A3390115E381560059F012 /* NSString+encodeString.m in Sources */,
				0B4DAC891CAE82C500036E8D /* OSTopBarActivityIndicator.m in Sources */,
				103FE0AA165BC7BD00F25586 /* OSDefaultTheme.m in Sources */,
				103FE0AE165BC7CC00F25586 /* OSTheme.m in Sources */,
				0BD9FCDE190BA18000F7D8B6 /* OSJSONRequestOperation.m in Sources */,
				0B3ED69A1CAEC60F00D349A8 /* OSTopBarActivityIndicatorManager.m in Sources */,
				0B52EE951768C71B00F7D477 /* OSCoreDataSyncEngine.m in Sources */,
				0B21406E1C8CF0E600212007 /* OSDataParser.m in Sources */,
				0B081CA51CA5584300DCDC49 /* OSDNIValidator.m in Sources */,
				0B52EEA11768D93500F7D477 /* NSManagedObject+JSON.m in Sources */,
			);
			runOnlyForDeploymentPostprocessing = 0;
		};
		27CB960113E4110100717380 /* Sources */ = {
			isa = PBXSourcesBuildPhase;
			buildActionMask = 2147483647;
			files = (
				0BFA550B1C8C8C2E0072AE7C /* OSEmailValidatorTest.swift in Sources */,
				0BFAB56B18A55B9000F30FC3 /* NSString+encodeString.m in Sources */,
				0B3ED69D1CAECA4800D349A8 /* OSTopBarActivityIndicatorManagerTest.m in Sources */,
				0B081CA71CA55B8D00DCDC49 /* OSDNIValidatorTest.swift in Sources */,
				0BB7876E1C8F0947002B977E /* OSWebInterfaceTest.m in Sources */,
				27CB961A13E4110100717380 /* OSLibraryTests.m in Sources */,
				27CB963513E4140600717380 /* OSDateTest.m in Sources */,
				27CB963813E4162F00717380 /* OSTimeTest.m in Sources */,
				27CB963B13E418A300717380 /* OSDateTimeTest.m in Sources */,
				0BAB7DF219C1AFEB00BA044E /* OSSystemTest.m in Sources */,
				27FD9C7A14EAB3BA0091A0E3 /* OSNetworkTest.m in Sources */,
				1097CC48165A761400330CD2 /* NSStirng+encodeStringTest.m in Sources */,
				1097CC4C165A789C00330CD2 /* OSOperationQueuesTest.m in Sources */,
				0B0CF5D3176FB23F00CBEF64 /* OSDatabaseTest.m in Sources */,
				0B0CF5D6176FB26600CBEF64 /* OSDatabaseTest.xcdatamodeld in Sources */,
			);
			runOnlyForDeploymentPostprocessing = 0;
		};
/* End PBXSourcesBuildPhase section */

/* Begin PBXTargetDependency section */
		27CB960F13E4110100717380 /* PBXTargetDependency */ = {
			isa = PBXTargetDependency;
			target = 27CB95F513E4110000717380 /* OSLibrary */;
			targetProxy = 27CB960E13E4110100717380 /* PBXContainerItemProxy */;
		};
/* End PBXTargetDependency section */

/* Begin XCBuildConfiguration section */
		27CB961B13E4110100717380 /* Debug */ = {
			isa = XCBuildConfiguration;
			buildSettings = {
				ALWAYS_SEARCH_USER_PATHS = NO;
				COPY_PHASE_STRIP = NO;
				ENABLE_TESTABILITY = YES;
				GCC_C_LANGUAGE_STANDARD = gnu99;
				GCC_DYNAMIC_NO_PIC = NO;
				GCC_OPTIMIZATION_LEVEL = 0;
				GCC_PREPROCESSOR_DEFINITIONS = (
					"DEBUG=1",
					"$(inherited)",
				);
				GCC_SYMBOLS_PRIVATE_EXTERN = NO;
				GCC_VERSION = "";
				GCC_WARN_ABOUT_MISSING_PROTOTYPES = YES;
				GCC_WARN_ABOUT_RETURN_TYPE = YES;
				GCC_WARN_UNUSED_VARIABLE = YES;
				INSTALL_PATH = "$(BUILT_PRODUCTS_DIR)";
				IPHONEOS_DEPLOYMENT_TARGET = 7.0;
				ONLY_ACTIVE_ARCH = NO;
				PUBLIC_HEADERS_FOLDER_PATH = "$(TARGET_NAME)";
				SDKROOT = iphoneos;
				SKIP_INSTALL = YES;
				TEST_AFTER_BUILD = NO;
			};
			name = Debug;
		};
		27CB961C13E4110100717380 /* Release */ = {
			isa = XCBuildConfiguration;
			buildSettings = {
				ALWAYS_SEARCH_USER_PATHS = NO;
				COPY_PHASE_STRIP = YES;
				GCC_C_LANGUAGE_STANDARD = gnu99;
				GCC_VERSION = "";
				GCC_WARN_ABOUT_MISSING_PROTOTYPES = YES;
				GCC_WARN_ABOUT_RETURN_TYPE = YES;
				GCC_WARN_UNUSED_VARIABLE = YES;
				INSTALL_PATH = "$(BUILT_PRODUCTS_DIR)";
				IPHONEOS_DEPLOYMENT_TARGET = 7.0;
				PUBLIC_HEADERS_FOLDER_PATH = "$(TARGET_NAME)";
				SDKROOT = iphoneos;
				SKIP_INSTALL = YES;
				TEST_AFTER_BUILD = NO;
				VALIDATE_PRODUCT = YES;
			};
			name = Release;
		};
		27CB961E13E4110100717380 /* Debug */ = {
			isa = XCBuildConfiguration;
			buildSettings = {
				CLANG_ENABLE_OBJC_ARC = YES;
				DSTROOT = /tmp/OSLibrary.dst;
				FRAMEWORK_SEARCH_PATHS = (
					"$(inherited)",
					"\"$(DEVELOPER_FRAMEWORKS_DIR)\"",
				);
				GCC_PRECOMPILE_PREFIX_HEADER = YES;
				GCC_PREFIX_HEADER = "OSLibrary/OSLibrary-Prefix.pch";
				GCC_VERSION = com.apple.compilers.llvm.clang.1_0;
				ONLY_ACTIVE_ARCH = NO;
				OTHER_LDFLAGS = "-ObjC";
				PRODUCT_NAME = "$(TARGET_NAME)";
				SKIP_INSTALL = YES;
			};
			name = Debug;
		};
		27CB961F13E4110100717380 /* Release */ = {
			isa = XCBuildConfiguration;
			buildSettings = {
				CLANG_ENABLE_OBJC_ARC = YES;
				DSTROOT = /tmp/OSLibrary.dst;
				FRAMEWORK_SEARCH_PATHS = (
					"$(inherited)",
					"\"$(DEVELOPER_FRAMEWORKS_DIR)\"",
				);
				GCC_PRECOMPILE_PREFIX_HEADER = YES;
				GCC_PREFIX_HEADER = "OSLibrary/OSLibrary-Prefix.pch";
				GCC_VERSION = com.apple.compilers.llvm.clang.1_0;
				OTHER_LDFLAGS = "-ObjC";
				PRODUCT_NAME = "$(TARGET_NAME)";
				SKIP_INSTALL = YES;
			};
			name = Release;
		};
		27CB962113E4110100717380 /* Debug */ = {
			isa = XCBuildConfiguration;
			buildSettings = {
				CLANG_ENABLE_MODULES = YES;
				CLANG_ENABLE_OBJC_ARC = YES;
				FRAMEWORK_SEARCH_PATHS = "$(inherited)";
				GCC_PRECOMPILE_PREFIX_HEADER = YES;
				GCC_PREFIX_HEADER = "OSLibrary/OSLibrary-Prefix.pch";
				GCC_VERSION = com.apple.compilers.llvm.clang.1_0;
				HEADER_SEARCH_PATHS = "${PODS_HEADERS_SEARCH_PATHS}";
				INFOPLIST_FILE = "OSLibraryTests/OSLibraryTests-Info.plist";
				LD_RUNPATH_SEARCH_PATHS = "$(inherited) @executable_path/Frameworks @loader_path/Frameworks";
				PODS_BUILD_HEADERS_SEARCH_PATHS = "\"${PODS_ROOT}/BuildHeaders\" \"${PODS_ROOT}/BuildHeaders/AFNetworking\"";
				PODS_HEADERS_SEARCH_PATHS = "${PODS_PUBLIC_HEADERS_SEARCH_PATHS}";
				PODS_PUBLIC_HEADERS_SEARCH_PATHS = "\"${PODS_ROOT}/Headers\" \"${PODS_ROOT}/Headers/AFNetworking\"";
				PODS_ROOT = "${SRCROOT}/Pods";
				PRODUCT_BUNDLE_IDENTIFIER = org.veladan.OSLibraryTests;
				PRODUCT_NAME = "$(TARGET_NAME)";
				SWIFT_OBJC_BRIDGING_HEADER = "OSLibraryTests/OSLibraryTests-Bridging-Header.h";
				SWIFT_OPTIMIZATION_LEVEL = "-Onone";
			};
			name = Debug;
		};
		27CB962213E4110100717380 /* Release */ = {
			isa = XCBuildConfiguration;
			buildSettings = {
				CLANG_ENABLE_MODULES = YES;
				CLANG_ENABLE_OBJC_ARC = YES;
				FRAMEWORK_SEARCH_PATHS = "$(inherited)";
				GCC_PRECOMPILE_PREFIX_HEADER = YES;
				GCC_PREFIX_HEADER = "OSLibrary/OSLibrary-Prefix.pch";
				GCC_VERSION = com.apple.compilers.llvm.clang.1_0;
				HEADER_SEARCH_PATHS = "${PODS_HEADERS_SEARCH_PATHS}";
				INFOPLIST_FILE = "OSLibraryTests/OSLibraryTests-Info.plist";
				LD_RUNPATH_SEARCH_PATHS = "$(inherited) @executable_path/Frameworks @loader_path/Frameworks";
				PODS_BUILD_HEADERS_SEARCH_PATHS = "\"${PODS_ROOT}/BuildHeaders\" \"${PODS_ROOT}/BuildHeaders/AFNetworking\"";
				PODS_HEADERS_SEARCH_PATHS = "${PODS_PUBLIC_HEADERS_SEARCH_PATHS}";
				PODS_PUBLIC_HEADERS_SEARCH_PATHS = "\"${PODS_ROOT}/Headers\" \"${PODS_ROOT}/Headers/AFNetworking\"";
				PODS_ROOT = "${SRCROOT}/Pods";
				PRODUCT_BUNDLE_IDENTIFIER = org.veladan.OSLibraryTests;
				PRODUCT_NAME = "$(TARGET_NAME)";
				SWIFT_OBJC_BRIDGING_HEADER = "OSLibraryTests/OSLibraryTests-Bridging-Header.h";
			};
			name = Release;
		};
/* End XCBuildConfiguration section */

/* Begin XCConfigurationList section */
		27CB95F013E4110000717380 /* Build configuration list for PBXProject "OSLibrary" */ = {
			isa = XCConfigurationList;
			buildConfigurations = (
				27CB961B13E4110100717380 /* Debug */,
				27CB961C13E4110100717380 /* Release */,
			);
			defaultConfigurationIsVisible = 0;
			defaultConfigurationName = Release;
		};
		27CB961D13E4110100717380 /* Build configuration list for PBXNativeTarget "OSLibrary" */ = {
			isa = XCConfigurationList;
			buildConfigurations = (
				27CB961E13E4110100717380 /* Debug */,
				27CB961F13E4110100717380 /* Release */,
			);
			defaultConfigurationIsVisible = 0;
			defaultConfigurationName = Release;
		};
		27CB962013E4110100717380 /* Build configuration list for PBXNativeTarget "OSLibraryTests" */ = {
			isa = XCConfigurationList;
			buildConfigurations = (
				27CB962113E4110100717380 /* Debug */,
				27CB962213E4110100717380 /* Release */,
			);
			defaultConfigurationIsVisible = 0;
			defaultConfigurationName = Release;
		};
/* End XCConfigurationList section */

/* Begin XCVersionGroup section */
		0B0CF5D4176FB26600CBEF64 /* OSDatabaseTest.xcdatamodeld */ = {
			isa = XCVersionGroup;
			children = (
				0B0CF5D5176FB26600CBEF64 /* OSDatabaseTest.xcdatamodel */,
			);
			currentVersion = 0B0CF5D5176FB26600CBEF64 /* OSDatabaseTest.xcdatamodel */;
			path = OSDatabaseTest.xcdatamodeld;
			sourceTree = "<group>";
			versionGroupType = wrapper.xcdatamodel;
		};
/* End XCVersionGroup section */
	};
	rootObject = 27CB95ED13E4110000717380 /* Project object */;
}
